// !$*UTF8*$!
{
	archiveVersion = 1;
	classes = {
	};
	objectVersion = 50;
	objects = {

/* Begin PBXBuildFile section */
		A4C3F03B219FFC7600A06D0A /* AppDelegate.swift in Sources */ = {isa = PBXBuildFile; fileRef = A4C3F03A219FFC7600A06D0A /* AppDelegate.swift */; };
		A4C3F03D219FFC7600A06D0A /* ViewController.swift in Sources */ = {isa = PBXBuildFile; fileRef = A4C3F03C219FFC7600A06D0A /* ViewController.swift */; };
		A4C3F040219FFC7600A06D0A /* Main.storyboard in Resources */ = {isa = PBXBuildFile; fileRef = A4C3F03E219FFC7600A06D0A /* Main.storyboard */; };
		A4C3F042219FFC7800A06D0A /* Assets.xcassets in Resources */ = {isa = PBXBuildFile; fileRef = A4C3F041219FFC7800A06D0A /* Assets.xcassets */; };
		A4C3F045219FFC7800A06D0A /* LaunchScreen.storyboard in Resources */ = {isa = PBXBuildFile; fileRef = A4C3F043219FFC7800A06D0A /* LaunchScreen.storyboard */; };
		A4C3F04D219FFE0000A06D0A /* VariantsRequester.swift in Sources */ = {isa = PBXBuildFile; fileRef = A4C3F04C219FFE0000A06D0A /* VariantsRequester.swift */; };
		A4C3F04F21A0021200A06D0A /* Variants.swift in Sources */ = {isa = PBXBuildFile; fileRef = A4C3F04E21A0021200A06D0A /* Variants.swift */; };
		A4C3F05121A11AAD00A06D0A /* ViewModel.swift in Sources */ = {isa = PBXBuildFile; fileRef = A4C3F05021A11AAD00A06D0A /* ViewModel.swift */; };
		A4C3F05421A129AA00A06D0A /* VariationTableViewCell.swift in Sources */ = {isa = PBXBuildFile; fileRef = A4C3F05221A129AA00A06D0A /* VariationTableViewCell.swift */; };
		A4C3F05521A129AA00A06D0A /* VariationTableViewCell.xib in Resources */ = {isa = PBXBuildFile; fileRef = A4C3F05321A129AA00A06D0A /* VariationTableViewCell.xib */; };
/* End PBXBuildFile section */

/* Begin PBXFileReference section */
		A4C3F037219FFC7600A06D0A /* choices.app */ = {isa = PBXFileReference; explicitFileType = wrapper.application; includeInIndex = 0; path = choices.app; sourceTree = BUILT_PRODUCTS_DIR; };
		A4C3F03A219FFC7600A06D0A /* AppDelegate.swift */ = {isa = PBXFileReference; lastKnownFileType = sourcecode.swift; path = AppDelegate.swift; sourceTree = "<group>"; };
		A4C3F03C219FFC7600A06D0A /* ViewController.swift */ = {isa = PBXFileReference; lastKnownFileType = sourcecode.swift; path = ViewController.swift; sourceTree = "<group>"; };
		A4C3F03F219FFC7600A06D0A /* Base */ = {isa = PBXFileReference; lastKnownFileType = file.storyboard; name = Base; path = Base.lproj/Main.storyboard; sourceTree = "<group>"; };
		A4C3F041219FFC7800A06D0A /* Assets.xcassets */ = {isa = PBXFileReference; lastKnownFileType = folder.assetcatalog; path = Assets.xcassets; sourceTree = "<group>"; };
		A4C3F044219FFC7800A06D0A /* Base */ = {isa = PBXFileReference; lastKnownFileType = file.storyboard; name = Base; path = Base.lproj/LaunchScreen.storyboard; sourceTree = "<group>"; };
		A4C3F046219FFC7800A06D0A /* Info.plist */ = {isa = PBXFileReference; lastKnownFileType = text.plist.xml; path = Info.plist; sourceTree = "<group>"; };
		A4C3F04C219FFE0000A06D0A /* VariantsRequester.swift */ = {isa = PBXFileReference; lastKnownFileType = sourcecode.swift; path = VariantsRequester.swift; sourceTree = "<group>"; };
		A4C3F04E21A0021200A06D0A /* Variants.swift */ = {isa = PBXFileReference; lastKnownFileType = sourcecode.swift; path = Variants.swift; sourceTree = "<group>"; };
		A4C3F05021A11AAD00A06D0A /* ViewModel.swift */ = {isa = PBXFileReference; lastKnownFileType = sourcecode.swift; path = ViewModel.swift; sourceTree = "<group>"; };
		A4C3F05221A129AA00A06D0A /* VariationTableViewCell.swift */ = {isa = PBXFileReference; lastKnownFileType = sourcecode.swift; path = VariationTableViewCell.swift; sourceTree = "<group>"; };
		A4C3F05321A129AA00A06D0A /* VariationTableViewCell.xib */ = {isa = PBXFileReference; lastKnownFileType = file.xib; path = VariationTableViewCell.xib; sourceTree = "<group>"; };
/* End PBXFileReference section */

/* Begin PBXFrameworksBuildPhase section */
		A4C3F034219FFC7600A06D0A /* Frameworks */ = {
			isa = PBXFrameworksBuildPhase;
			buildActionMask = 2147483647;
			files = (
			);
			runOnlyForDeploymentPostprocessing = 0;
		};
/* End PBXFrameworksBuildPhase section */

/* Begin PBXGroup section */
		A427E9FD21A5A2190076ED35 /* TableViewCells */ = {
			isa = PBXGroup;
			children = (
				A4C3F05221A129AA00A06D0A /* VariationTableViewCell.swift */,
				A4C3F05321A129AA00A06D0A /* VariationTableViewCell.xib */,
			);
			path = TableViewCells;
			sourceTree = "<group>";
		};
		A427E9FE21A5A2250076ED35 /* Model */ = {
			isa = PBXGroup;
			children = (
				A4C3F04E21A0021200A06D0A /* Variants.swift */,
			);
			path = Model;
			sourceTree = "<group>";
		};
		A427E9FF21A5A22C0076ED35 /* Requester */ = {
			isa = PBXGroup;
			children = (
				A4C3F04C219FFE0000A06D0A /* VariantsRequester.swift */,
			);
			path = Requester;
			sourceTree = "<group>";
		};
		A4C3F02E219FFC7600A06D0A = {
			isa = PBXGroup;
			children = (
				A4C3F039219FFC7600A06D0A /* choices */,
				A4C3F038219FFC7600A06D0A /* Products */,
			);
			sourceTree = "<group>";
		};
		A4C3F038219FFC7600A06D0A /* Products */ = {
			isa = PBXGroup;
			children = (
				A4C3F037219FFC7600A06D0A /* choices.app */,
			);
			name = Products;
			sourceTree = "<group>";
		};
		A4C3F039219FFC7600A06D0A /* choices */ = {
			isa = PBXGroup;
			children = (
				A4C3F03A219FFC7600A06D0A /* AppDelegate.swift */,
				A4C3F03C219FFC7600A06D0A /* ViewController.swift */,
				A4C3F05021A11AAD00A06D0A /* ViewModel.swift */,
				A427E9FD21A5A2190076ED35 /* TableViewCells */,
				A427E9FF21A5A22C0076ED35 /* Requester */,
				A427E9FE21A5A2250076ED35 /* Model */,
				A4C3F03E219FFC7600A06D0A /* Main.storyboard */,
				A4C3F041219FFC7800A06D0A /* Assets.xcassets */,
				A4C3F043219FFC7800A06D0A /* LaunchScreen.storyboard */,
				A4C3F046219FFC7800A06D0A /* Info.plist */,
			);
			path = choices;
			sourceTree = "<group>";
		};
/* End PBXGroup section */

/* Begin PBXNativeTarget section */
		A4C3F036219FFC7600A06D0A /* choices */ = {
			isa = PBXNativeTarget;
			buildConfigurationList = A4C3F049219FFC7800A06D0A /* Build configuration list for PBXNativeTarget "choices" */;
			buildPhases = (
				A4C3F033219FFC7600A06D0A /* Sources */,
				A4C3F034219FFC7600A06D0A /* Frameworks */,
				A4C3F035219FFC7600A06D0A /* Resources */,
			);
			buildRules = (
			);
			dependencies = (
			);
			name = choices;
			productName = choices;
			productReference = A4C3F037219FFC7600A06D0A /* choices.app */;
			productType = "com.apple.product-type.application";
		};
/* End PBXNativeTarget section */

/* Begin PBXProject section */
		A4C3F02F219FFC7600A06D0A /* Project object */ = {
			isa = PBXProject;
			attributes = {
				LastSwiftUpdateCheck = 1010;
				LastUpgradeCheck = 1010;
				ORGANIZATIONNAME = shravan;
				TargetAttributes = {
					A4C3F036219FFC7600A06D0A = {
						CreatedOnToolsVersion = 10.1;
					};
				};
			};
			buildConfigurationList = A4C3F032219FFC7600A06D0A /* Build configuration list for PBXProject "choices" */;
			compatibilityVersion = "Xcode 9.3";
			developmentRegion = en;
			hasScannedForEncodings = 0;
			knownRegions = (
				en,
				Base,
			);
			mainGroup = A4C3F02E219FFC7600A06D0A;
			productRefGroup = A4C3F038219FFC7600A06D0A /* Products */;
			projectDirPath = "";
			projectRoot = "";
			targets = (
				A4C3F036219FFC7600A06D0A /* choices */,
			);
		};
/* End PBXProject section */

/* Begin PBXResourcesBuildPhase section */
		A4C3F035219FFC7600A06D0A /* Resources */ = {
			isa = PBXResourcesBuildPhase;
			buildActionMask = 2147483647;
			files = (
				A4C3F045219FFC7800A06D0A /* LaunchScreen.storyboard in Resources */,
				A4C3F042219FFC7800A06D0A /* Assets.xcassets in Resources */,
				A4C3F040219FFC7600A06D0A /* Main.storyboard in Resources */,
				A4C3F05521A129AA00A06D0A /* VariationTableViewCell.xib in Resources */,
			);
			runOnlyForDeploymentPostprocessing = 0;
		};
/* End PBXResourcesBuildPhase section */

/* Begin PBXSourcesBuildPhase section */
		A4C3F033219FFC7600A06D0A /* Sources */ = {
			isa = PBXSourcesBuildPhase;
			buildActionMask = 2147483647;
			files = (
				A4C3F05121A11AAD00A06D0A /* ViewModel.swift in Sources */,
				A4C3F03D219FFC7600A06D0A /* ViewController.swift in Sources */,
				A4C3F04F21A0021200A06D0A /* Variants.swift in Sources */,
				A4C3F05421A129AA00A06D0A /* VariationTableViewCell.swift in Sources */,
				A4C3F03B219FFC7600A06D0A /* AppDelegate.swift in Sources */,
				A4C3F04D219FFE0000A06D0A /* VariantsRequester.swift in Sources */,
			);
			runOnlyForDeploymentPostprocessing = 0;
		};
/* End PBXSourcesBuildPhase section */

/* Begin PBXVariantGroup section */
		A4C3F03E219FFC7600A06D0A /* Main.storyboard */ = {
			isa = PBXVariantGroup;
			children = (
				A4C3F03F219FFC7600A06D0A /* Base */,
			);
			name = Main.storyboard;
			sourceTree = "<group>";
		};
		A4C3F043219FFC7800A06D0A /* LaunchScreen.storyboard */ = {
			isa = PBXVariantGroup;
			children = (
				A4C3F044219FFC7800A06D0A /* Base */,
			);
			name = LaunchScreen.storyboard;
			sourceTree = "<group>";
		};
/* End PBXVariantGroup section */

/* Begin XCBuildConfiguration section */
		A4C3F047219FFC7800A06D0A /* Debug */ = {
			isa = XCBuildConfiguration;
			buildSettings = {
				ALWAYS_SEARCH_USER_PATHS = NO;
				CLANG_ANALYZER_NONNULL = YES;
				CLANG_ANALYZER_NUMBER_OBJECT_CONVERSION = YES_AGGRESSIVE;
				CLANG_CXX_LANGUAGE_STANDARD = "gnu++14";
				CLANG_CXX_LIBRARY = "libc++";
				CLANG_ENABLE_MODULES = YES;
				CLANG_ENABLE_OBJC_ARC = YES;
				CLANG_ENABLE_OBJC_WEAK = YES;
				CLANG_WARN_BLOCK_CAPTURE_AUTORELEASING = YES;
				CLANG_WARN_BOOL_CONVERSION = YES;
				CLANG_WARN_COMMA = YES;
				CLANG_WARN_CONSTANT_CONVERSION = YES;
				CLANG_WARN_DEPRECATED_OBJC_IMPLEMENTATIONS = YES;
				CLANG_WARN_DIRECT_OBJC_ISA_USAGE = YES_ERROR;
				CLANG_WARN_DOCUMENTATION_COMMENTS = YES;
				CLANG_WARN_EMPTY_BODY = YES;
				CLANG_WARN_ENUM_CONVERSION = YES;
				CLANG_WARN_INFINITE_RECURSION = YES;
				CLANG_WARN_INT_CONVERSION = YES;
				CLANG_WARN_NON_LITERAL_NULL_CONVERSION = YES;
				CLANG_WARN_OBJC_IMPLICIT_RETAIN_SELF = YES;
				CLANG_WARN_OBJC_LITERAL_CONVERSION = YES;
				CLANG_WARN_OBJC_ROOT_CLASS = YES_ERROR;
				CLANG_WARN_RANGE_LOOP_ANALYSIS = YES;
				CLANG_WARN_STRICT_PROTOTYPES = YES;
				CLANG_WARN_SUSPICIOUS_MOVE = YES;
				CLANG_WARN_UNGUARDED_AVAILABILITY = YES_AGGRESSIVE;
				CLANG_WARN_UNREACHABLE_CODE = YES;
				CLANG_WARN__DUPLICATE_METHOD_MATCH = YES;
				CODE_SIGN_IDENTITY = "iPhone Developer";
				COPY_PHASE_STRIP = NO;
				DEBUG_INFORMATION_FORMAT = dwarf;
				ENABLE_STRICT_OBJC_MSGSEND = YES;
				ENABLE_TESTABILITY = YES;
				GCC_C_LANGUAGE_STANDARD = gnu11;
				GCC_DYNAMIC_NO_PIC = NO;
				GCC_NO_COMMON_BLOCKS = YES;
				GCC_OPTIMIZATION_LEVEL = 0;
				GCC_PREPROCESSOR_DEFINITIONS = (
					"DEBUG=1",
					"$(inherited)",
				);
				GCC_WARN_64_TO_32_BIT_CONVERSION = YES;
				GCC_WARN_ABOUT_RETURN_TYPE = YES_ERROR;
				GCC_WARN_UNDECLARED_SELECTOR = YES;
				GCC_WARN_UNINITIALIZED_AUTOS = YES_AGGRESSIVE;
				GCC_WARN_UNUSED_FUNCTION = YES;
				GCC_WARN_UNUSED_VARIABLE = YES;
				IPHONEOS_DEPLOYMENT_TARGET = 12.1;
				MTL_ENABLE_DEBUG_INFO = INCLUDE_SOURCE;
				MTL_FAST_MATH = YES;
				ONLY_ACTIVE_ARCH = YES;
				SDKROOT = iphoneos;
				SWIFT_ACTIVE_COMPILATION_CONDITIONS = DEBUG;
				SWIFT_OPTIMIZATION_LEVEL = "-Onone";
			};
			name = Debug;
		};
		A4C3F048219FFC7800A06D0A /* Release */ = {
			isa = XCBuildConfiguration;
			buildSettings = {
				ALWAYS_SEARCH_USER_PATHS = NO;
				CLANG_ANALYZER_NONNULL = YES;
				CLANG_ANALYZER_NUMBER_OBJECT_CONVERSION = YES_AGGRESSIVE;
				CLANG_CXX_LANGUAGE_STANDARD = "gnu++14";
				CLANG_CXX_LIBRARY = "libc++";
				CLANG_ENABLE_MODULES = YES;
				CLANG_ENABLE_OBJC_ARC = YES;
				CLANG_ENABLE_OBJC_WEAK = YES;
				CLANG_WARN_BLOCK_CAPTURE_AUTORELEASING = YES;
				CLANG_WARN_BOOL_CONVERSION = YES;
				CLANG_WARN_COMMA = YES;
				CLANG_WARN_CONSTANT_CONVERSION = YES;
				CLANG_WARN_DEPRECATED_OBJC_IMPLEMENTATIONS = YES;
				CLANG_WARN_DIRECT_OBJC_ISA_USAGE = YES_ERROR;
				CLANG_WARN_DOCUMENTATION_COMMENTS = YES;
				CLANG_WARN_EMPTY_BODY = YES;
				CLANG_WARN_ENUM_CONVERSION = YES;
				CLANG_WARN_INFINITE_RECURSION = YES;
				CLANG_WARN_INT_CONVERSION = YES;
				CLANG_WARN_NON_LITERAL_NULL_CONVERSION = YES;
				CLANG_WARN_OBJC_IMPLICIT_RETAIN_SELF = YES;
				CLANG_WARN_OBJC_LITERAL_CONVERSION = YES;
				CLANG_WARN_OBJC_ROOT_CLASS = YES_ERROR;
				CLANG_WARN_RANGE_LOOP_ANALYSIS = YES;
				CLANG_WARN_STRICT_PROTOTYPES = YES;
				CLANG_WARN_SUSPICIOUS_MOVE = YES;
				CLANG_WARN_UNGUARDED_AVAILABILITY = YES_AGGRESSIVE;
				CLANG_WARN_UNREACHABLE_CODE = YES;
				CLANG_WARN__DUPLICATE_METHOD_MATCH = YES;
				CODE_SIGN_IDENTITY = "iPhone Developer";
				COPY_PHASE_STRIP = NO;
				DEBUG_INFORMATION_FORMAT = "dwarf-with-dsym";
				ENABLE_NS_ASSERTIONS = NO;
				ENABLE_STRICT_OBJC_MSGSEND = YES;
				GCC_C_LANGUAGE_STANDARD = gnu11;
				GCC_NO_COMMON_BLOCKS = YES;
				GCC_WARN_64_TO_32_BIT_CONVERSION = YES;
				GCC_WARN_ABOUT_RETURN_TYPE = YES_ERROR;
				GCC_WARN_UNDECLARED_SELECTOR = YES;
				GCC_WARN_UNINITIALIZED_AUTOS = YES_AGGRESSIVE;
				GCC_WARN_UNUSED_FUNCTION = YES;
				GCC_WARN_UNUSED_VARIABLE = YES;
				IPHONEOS_DEPLOYMENT_TARGET = 12.1;
				MTL_ENABLE_DEBUG_INFO = NO;
				MTL_FAST_MATH = YES;
				SDKROOT = iphoneos;
				SWIFT_COMPILATION_MODE = wholemodule;
				SWIFT_OPTIMIZATION_LEVEL = "-O";
				VALIDATE_PRODUCT = YES;
			};
			name = Release;
		};
		A4C3F04A219FFC7800A06D0A /* Debug */ = {
			isa = XCBuildConfiguration;
			buildSettings = {
				ASSETCATALOG_COMPILER_APPICON_NAME = AppIcon;
				CODE_SIGN_STYLE = Automatic;
				DEVELOPMENT_TEAM = 48UFH6Q9SV;
				INFOPLIST_FILE = choices/Info.plist;
				LD_RUNPATH_SEARCH_PATHS = (
					"$(inherited)",
					"@executable_path/Frameworks",
				);
				PRODUCT_BUNDLE_IDENTIFIER = shravan.choices;
				PRODUCT_NAME = "$(TARGET_NAME)";
				SWIFT_VERSION = 4.2;
				TARGETED_DEVICE_FAMILY = "1,2";
			};
			name = Debug;
		};
		A4C3F04B219FFC7800A06D0A /* Release */ = {
			isa = XCBuildConfiguration;
			buildSettings = {
				ASSETCATALOG_COMPILER_APPICON_NAME = AppIcon;
				CODE_SIGN_STYLE = Automatic;
				DEVELOPMENT_TEAM = 48UFH6Q9SV;
				INFOPLIST_FILE = choices/Info.plist;
				LD_RUNPATH_SEARCH_PATHS = (
					"$(inherited)",
					"@executable_path/Frameworks",
				);
				PRODUCT_BUNDLE_IDENTIFIER = shravan.choices;
				PRODUCT_NAME = "$(TARGET_NAME)";
				SWIFT_VERSION = 4.2;
				TARGETED_DEVICE_FAMILY = "1,2";
			};
			name = Release;
		};
/* End XCBuildConfiguration section */

/* Begin XCConfigurationList section */
		A4C3F032219FFC7600A06D0A /* Build configuration list for PBXProject "choices" */ = {
			isa = XCConfigurationList;
			buildConfigurations = (
				A4C3F047219FFC7800A06D0A /* Debug */,
				A4C3F048219FFC7800A06D0A /* Release */,
			);
			defaultConfigurationIsVisible = 0;
			defaultConfigurationName = Release;
		};
		A4C3F049219FFC7800A06D0A /* Build configuration list for PBXNativeTarget "choices" */ = {
			isa = XCConfigurationList;
			buildConfigurations = (
				A4C3F04A219FFC7800A06D0A /* Debug */,
				A4C3F04B219FFC7800A06D0A /* Release */,
			);
			defaultConfigurationIsVisible = 0;
			defaultConfigurationName = Release;
		};
/* End XCConfigurationList section */
	};
	rootObject = A4C3F02F219FFC7600A06D0A /* Project object */;
}
